
Microsoft Visual Studio Solution File, Format Version 12.00
# Visual Studio Version 16
VisualStudioVersion = 16.0.32126.315
MinimumVisualStudioVersion = 10.0.40219.1
Project("{FAE04EC0-301F-11D3-BF4B-00C04F79EFBC}") = "AHITtrainer", "AHITtrainer\AHITtrainer.csproj", "{668AAC91-ABA4-4EB3-8F6B-606872D943EB}"
EndProject
Global
	GlobalSection(SolutionConfigurationPlatforms) = preSolution
		Debug|Any CPU = Debug|Any CPU
		Debug|x64 = Debug|x64
		Debug|x86 = Debug|x86
		Release|Any CPU = Release|Any CPU
		Release|x64 = Release|x64
		Release|x86 = Release|x86
	EndGlobalSection
	GlobalSection(ProjectConfigurationPlatforms) = postSolution
		{668AAC91-ABA4-4EB3-8F6B-606872D943EB}.Debug|Any CPU.ActiveCfg = Debug|Any CPU
		{668AAC91-ABA4-4EB3-8F6B-606872D943EB}.Debug|Any CPU.Build.0 = Debug|Any CPU
		{668AAC91-ABA4-4EB3-8F6B-606872D943EB}.Debug|x64.ActiveCfg = Debug|x64
		{668AAC91-ABA4-4EB3-8F6B-606872D943EB}.Debug|x64.Build.0 = Debug|x64
		{668AAC91-ABA4-4EB3-8F6B-606872D943EB}.Debug|x86.ActiveCfg = Debug|x86
		{668AAC91-ABA4-4EB3-8F6B-606872D943EB}.Debug|x86.Build.0 = Debug|x86
		{668AAC91-ABA4-4EB3-8F6B-606872D943EB}.Release|Any CPU.ActiveCfg = Release|Any CPU
		{668AAC91-ABA4-4EB3-8F6B-606872D943EB}.Release|Any CPU.Build.0 = Release|Any CPU
		{668AAC91-ABA4-4EB3-8F6B-606872D943EB}.Release|x64.ActiveCfg = Release|x64
		{668AAC91-ABA4-4EB3-8F6B-606872D943EB}.Release|x64.Build.0 = Release|x64
		{668AAC91-ABA4-4EB3-8F6B-606872D943EB}.Release|x86.ActiveCfg = Release|x86
		{668AAC91-ABA4-4EB3-8F6B-606872D943EB}.Release|x86.Build.0 = Release|x86
	EndGlobalSection
	GlobalSection(SolutionProperties) = preSolution
		HideSolutionNode = FALSE
	EndGlobalSection
	GlobalSection(ExtensibilityGlobals) = postSolution
		SolutionGuid = {FFE19245-96DD-4134-AC9C-F13FE8DAC0A8}
	EndGlobalSection
EndGlobal
